// !$*UTF8*$!
{
	archiveVersion = 1;
	classes = {
	};
	objectVersion = 50;
	objects = {

/* Begin PBXBuildFile section */
		D775BE2D23DCF4B70011C11F /* AppDelegate.swift in Sources */ = {isa = PBXBuildFile; fileRef = D775BE2C23DCF4B70011C11F /* AppDelegate.swift */; };
		D775BE3323DCF4B80011C11F /* Assets.xcassets in Resources */ = {isa = PBXBuildFile; fileRef = D775BE3223DCF4B80011C11F /* Assets.xcassets */; };
		D775BE3923DCF4B80011C11F /* LaunchScreen.storyboard in Resources */ = {isa = PBXBuildFile; fileRef = D775BE3723DCF4B80011C11F /* LaunchScreen.storyboard */; };
		D775BE4223DCF5170011C11F /* BLEKeys.swift in Sources */ = {isa = PBXBuildFile; fileRef = D775BE4123DCF5170011C11F /* BLEKeys.swift */; };
		D775BE4423DCF5240011C11F /* BluetoothManager.swift in Sources */ = {isa = PBXBuildFile; fileRef = D775BE4323DCF5240011C11F /* BluetoothManager.swift */; };
		D775BE4623DCFCD50011C11F /* RootViewController.swift in Sources */ = {isa = PBXBuildFile; fileRef = D775BE4523DCFCD50011C11F /* RootViewController.swift */; };
		D78F59C123E62D25002B7687 /* PeripheralManager.swift in Sources */ = {isa = PBXBuildFile; fileRef = D78F59C023E62D25002B7687 /* PeripheralManager.swift */; };
/* End PBXBuildFile section */

/* Begin PBXFileReference section */
		D775BE2923DCF4B70011C11F /* Racecar.app */ = {isa = PBXFileReference; explicitFileType = wrapper.application; includeInIndex = 0; path = Racecar.app; sourceTree = BUILT_PRODUCTS_DIR; };
		D775BE2C23DCF4B70011C11F /* AppDelegate.swift */ = {isa = PBXFileReference; lastKnownFileType = sourcecode.swift; path = AppDelegate.swift; sourceTree = "<group>"; };
		D775BE3223DCF4B80011C11F /* Assets.xcassets */ = {isa = PBXFileReference; lastKnownFileType = folder.assetcatalog; path = Assets.xcassets; sourceTree = "<group>"; };
		D775BE3823DCF4B80011C11F /* Base */ = {isa = PBXFileReference; lastKnownFileType = file.storyboard; name = Base; path = Base.lproj/LaunchScreen.storyboard; sourceTree = "<group>"; };
		D775BE3A23DCF4B80011C11F /* Info.plist */ = {isa = PBXFileReference; lastKnownFileType = text.plist.xml; path = Info.plist; sourceTree = "<group>"; };
		D775BE4123DCF5170011C11F /* BLEKeys.swift */ = {isa = PBXFileReference; lastKnownFileType = sourcecode.swift; path = BLEKeys.swift; sourceTree = "<group>"; };
		D775BE4323DCF5240011C11F /* BluetoothManager.swift */ = {isa = PBXFileReference; lastKnownFileType = sourcecode.swift; path = BluetoothManager.swift; sourceTree = "<group>"; };
		D775BE4523DCFCD50011C11F /* RootViewController.swift */ = {isa = PBXFileReference; lastKnownFileType = sourcecode.swift; path = RootViewController.swift; sourceTree = "<group>"; };
		D78F59C023E62D25002B7687 /* PeripheralManager.swift */ = {isa = PBXFileReference; lastKnownFileType = sourcecode.swift; path = PeripheralManager.swift; sourceTree = "<group>"; };
/* End PBXFileReference section */

/* Begin PBXFrameworksBuildPhase section */
		D775BE2623DCF4B70011C11F /* Frameworks */ = {
			isa = PBXFrameworksBuildPhase;
			buildActionMask = 2147483647;
			files = (
			);
			runOnlyForDeploymentPostprocessing = 0;
		};
/* End PBXFrameworksBuildPhase section */

/* Begin PBXGroup section */
		D775BE2023DCF4B70011C11F = {
			isa = PBXGroup;
			children = (
				D775BE2B23DCF4B70011C11F /* Racecar */,
				D775BE2A23DCF4B70011C11F /* Products */,
			);
			sourceTree = "<group>";
		};
		D775BE2A23DCF4B70011C11F /* Products */ = {
			isa = PBXGroup;
			children = (
				D775BE2923DCF4B70011C11F /* Racecar.app */,
			);
			name = Products;
			sourceTree = "<group>";
		};
		D775BE2B23DCF4B70011C11F /* Racecar */ = {
			isa = PBXGroup;
			children = (
				D775BE2C23DCF4B70011C11F /* AppDelegate.swift */,
				D775BE4523DCFCD50011C11F /* RootViewController.swift */,
				D775BE4023DCF50B0011C11F /* BLE */,
				D775BE3223DCF4B80011C11F /* Assets.xcassets */,
				D775BE3723DCF4B80011C11F /* LaunchScreen.storyboard */,
				D775BE3A23DCF4B80011C11F /* Info.plist */,
			);
			path = Racecar;
			sourceTree = "<group>";
		};
		D775BE4023DCF50B0011C11F /* BLE */ = {
			isa = PBXGroup;
			children = (
				D775BE4123DCF5170011C11F /* BLEKeys.swift */,
				D775BE4323DCF5240011C11F /* BluetoothManager.swift */,
				D78F59C023E62D25002B7687 /* PeripheralManager.swift */,
			);
			path = BLE;
			sourceTree = "<group>";
		};
/* End PBXGroup section */

/* Begin PBXNativeTarget section */
		D775BE2823DCF4B70011C11F /* Racecar */ = {
			isa = PBXNativeTarget;
			buildConfigurationList = D775BE3D23DCF4B80011C11F /* Build configuration list for PBXNativeTarget "Racecar" */;
			buildPhases = (
				D775BE2523DCF4B70011C11F /* Sources */,
				D775BE2623DCF4B70011C11F /* Frameworks */,
				D775BE2723DCF4B70011C11F /* Resources */,
			);
			buildRules = (
			);
			dependencies = (
			);
			name = Racecar;
			packageProductDependencies = (
			);
			productName = Racecar;
			productReference = D775BE2923DCF4B70011C11F /* Racecar.app */;
			productType = "com.apple.product-type.application";
		};
/* End PBXNativeTarget section */

/* Begin PBXProject section */
		D775BE2123DCF4B70011C11F /* Project object */ = {
			isa = PBXProject;
			attributes = {
				LastSwiftUpdateCheck = 1130;
				LastUpgradeCheck = 1130;
				ORGANIZATIONNAME = "Taylor McIntyre";
				TargetAttributes = {
					D775BE2823DCF4B70011C11F = {
						CreatedOnToolsVersion = 11.3.1;
					};
				};
			};
			buildConfigurationList = D775BE2423DCF4B70011C11F /* Build configuration list for PBXProject "Racecar" */;
			compatibilityVersion = "Xcode 9.3";
			developmentRegion = en;
			hasScannedForEncodings = 0;
			knownRegions = (
				en,
				Base,
			);
			mainGroup = D775BE2023DCF4B70011C11F;
			packageReferences = (
			);
			productRefGroup = D775BE2A23DCF4B70011C11F /* Products */;
			projectDirPath = "";
			projectRoot = "";
			targets = (
				D775BE2823DCF4B70011C11F /* Racecar */,
			);
		};
/* End PBXProject section */

/* Begin PBXResourcesBuildPhase section */
		D775BE2723DCF4B70011C11F /* Resources */ = {
			isa = PBXResourcesBuildPhase;
			buildActionMask = 2147483647;
			files = (
				D775BE3923DCF4B80011C11F /* LaunchScreen.storyboard in Resources */,
				D775BE3323DCF4B80011C11F /* Assets.xcassets in Resources */,
			);
			runOnlyForDeploymentPostprocessing = 0;
		};
/* End PBXResourcesBuildPhase section */

/* Begin PBXSourcesBuildPhase section */
		D775BE2523DCF4B70011C11F /* Sources */ = {
			isa = PBXSourcesBuildPhase;
			buildActionMask = 2147483647;
			files = (
				D78F59C123E62D25002B7687 /* PeripheralManager.swift in Sources */,
				D775BE2D23DCF4B70011C11F /* AppDelegate.swift in Sources */,
				D775BE4423DCF5240011C11F /* BluetoothManager.swift in Sources */,
				D775BE4623DCFCD50011C11F /* RootViewController.swift in Sources */,
				D775BE4223DCF5170011C11F /* BLEKeys.swift in Sources */,
			);
			runOnlyForDeploymentPostprocessing = 0;
		};
/* End PBXSourcesBuildPhase section */

/* Begin PBXVariantGroup section */
		D775BE3723DCF4B80011C11F /* LaunchScreen.storyboard */ = {
			isa = PBXVariantGroup;
			children = (
				D775BE3823DCF4B80011C11F /* Base */,
			);
			name = LaunchScreen.storyboard;
			sourceTree = "<group>";
		};
/* End PBXVariantGroup section */

/* Begin XCBuildConfiguration section */
		D775BE3B23DCF4B80011C11F /* Debug */ = {
			isa = XCBuildConfiguration;
			buildSettings = {
				ALWAYS_SEARCH_USER_PATHS = NO;
				CLANG_ANALYZER_NONNULL = YES;
				CLANG_ANALYZER_NUMBER_OBJECT_CONVERSION = YES_AGGRESSIVE;
				CLANG_CXX_LANGUAGE_STANDARD = "gnu++14";
				CLANG_CXX_LIBRARY = "libc++";
				CLANG_ENABLE_MODULES = YES;
				CLANG_ENABLE_OBJC_ARC = YES;
				CLANG_ENABLE_OBJC_WEAK = YES;
				CLANG_WARN_BLOCK_CAPTURE_AUTORELEASING = YES;
				CLANG_WARN_BOOL_CONVERSION = YES;
				CLANG_WARN_COMMA = YES;
				CLANG_WARN_CONSTANT_CONVERSION = YES;
				CLANG_WARN_DEPRECATED_OBJC_IMPLEMENTATIONS = YES;
				CLANG_WARN_DIRECT_OBJC_ISA_USAGE = YES_ERROR;
				CLANG_WARN_DOCUMENTATION_COMMENTS = YES;
				CLANG_WARN_EMPTY_BODY = YES;
				CLANG_WARN_ENUM_CONVERSION = YES;
				CLANG_WARN_INFINITE_RECURSION = YES;
				CLANG_WARN_INT_CONVERSION = YES;
				CLANG_WARN_NON_LITERAL_NULL_CONVERSION = YES;
				CLANG_WARN_OBJC_IMPLICIT_RETAIN_SELF = YES;
				CLANG_WARN_OBJC_LITERAL_CONVERSION = YES;
				CLANG_WARN_OBJC_ROOT_CLASS = YES_ERROR;
				CLANG_WARN_RANGE_LOOP_ANALYSIS = YES;
				CLANG_WARN_STRICT_PROTOTYPES = YES;
				CLANG_WARN_SUSPICIOUS_MOVE = YES;
				CLANG_WARN_UNGUARDED_AVAILABILITY = YES_AGGRESSIVE;
				CLANG_WARN_UNREACHABLE_CODE = YES;
				CLANG_WARN__DUPLICATE_METHOD_MATCH = YES;
				COPY_PHASE_STRIP = NO;
				DEBUG_INFORMATION_FORMAT = dwarf;
				ENABLE_STRICT_OBJC_MSGSEND = YES;
				ENABLE_TESTABILITY = YES;
				GCC_C_LANGUAGE_STANDARD = gnu11;
				GCC_DYNAMIC_NO_PIC = NO;
				GCC_NO_COMMON_BLOCKS = YES;
				GCC_OPTIMIZATION_LEVEL = 0;
				GCC_PREPROCESSOR_DEFINITIONS = (
					"DEBUG=1",
					"$(inherited)",
				);
				GCC_WARN_64_TO_32_BIT_CONVERSION = YES;
				GCC_WARN_ABOUT_RETURN_TYPE = YES_ERROR;
				GCC_WARN_UNDECLARED_SELECTOR = YES;
				GCC_WARN_UNINITIALIZED_AUTOS = YES_AGGRESSIVE;
				GCC_WARN_UNUSED_FUNCTION = YES;
				GCC_WARN_UNUSED_VARIABLE = YES;
				IPHONEOS_DEPLOYMENT_TARGET = 12.4;
				MTL_ENABLE_DEBUG_INFO = INCLUDE_SOURCE;
				MTL_FAST_MATH = YES;
				ONLY_ACTIVE_ARCH = YES;
				SDKROOT = iphoneos;
				SWIFT_ACTIVE_COMPILATION_CONDITIONS = DEBUG;
				SWIFT_OPTIMIZATION_LEVEL = "-Onone";
			};
			name = Debug;
		};
		D775BE3C23DCF4B80011C11F /* Release */ = {
			isa = XCBuildConfiguration;
			buildSettings = {
				ALWAYS_SEARCH_USER_PATHS = NO;
				CLANG_ANALYZER_NONNULL = YES;
				CLANG_ANALYZER_NUMBER_OBJECT_CONVERSION = YES_AGGRESSIVE;
				CLANG_CXX_LANGUAGE_STANDARD = "gnu++14";
				CLANG_CXX_LIBRARY = "libc++";
				CLANG_ENABLE_MODULES = YES;
				CLANG_ENABLE_OBJC_ARC = YES;
				CLANG_ENABLE_OBJC_WEAK = YES;
				CLANG_WARN_BLOCK_CAPTURE_AUTORELEASING = YES;
				CLANG_WARN_BOOL_CONVERSION = YES;
				CLANG_WARN_COMMA = YES;
				CLANG_WARN_CONSTANT_CONVERSION = YES;
				CLANG_WARN_DEPRECATED_OBJC_IMPLEMENTATIONS = YES;
				CLANG_WARN_DIRECT_OBJC_ISA_USAGE = YES_ERROR;
				CLANG_WARN_DOCUMENTATION_COMMENTS = YES;
				CLANG_WARN_EMPTY_BODY = YES;
				CLANG_WARN_ENUM_CONVERSION = YES;
				CLANG_WARN_INFINITE_RECURSION = YES;
				CLANG_WARN_INT_CONVERSION = YES;
				CLANG_WARN_NON_LITERAL_NULL_CONVERSION = YES;
				CLANG_WARN_OBJC_IMPLICIT_RETAIN_SELF = YES;
				CLANG_WARN_OBJC_LITERAL_CONVERSION = YES;
				CLANG_WARN_OBJC_ROOT_CLASS = YES_ERROR;
				CLANG_WARN_RANGE_LOOP_ANALYSIS = YES;
				CLANG_WARN_STRICT_PROTOTYPES = YES;
				CLANG_WARN_SUSPICIOUS_MOVE = YES;
				CLANG_WARN_UNGUARDED_AVAILABILITY = YES_AGGRESSIVE;
				CLANG_WARN_UNREACHABLE_CODE = YES;
				CLANG_WARN__DUPLICATE_METHOD_MATCH = YES;
				COPY_PHASE_STRIP = NO;
				DEBUG_INFORMATION_FORMAT = "dwarf-with-dsym";
				ENABLE_NS_ASSERTIONS = NO;
				ENABLE_STRICT_OBJC_MSGSEND = YES;
				GCC_C_LANGUAGE_STANDARD = gnu11;
				GCC_NO_COMMON_BLOCKS = YES;
				GCC_WARN_64_TO_32_BIT_CONVERSION = YES;
				GCC_WARN_ABOUT_RETURN_TYPE = YES_ERROR;
				GCC_WARN_UNDECLARED_SELECTOR = YES;
				GCC_WARN_UNINITIALIZED_AUTOS = YES_AGGRESSIVE;
				GCC_WARN_UNUSED_FUNCTION = YES;
				GCC_WARN_UNUSED_VARIABLE = YES;
				IPHONEOS_DEPLOYMENT_TARGET = 12.4;
				MTL_ENABLE_DEBUG_INFO = NO;
				MTL_FAST_MATH = YES;
				SDKROOT = iphoneos;
				SWIFT_COMPILATION_MODE = wholemodule;
				SWIFT_OPTIMIZATION_LEVEL = "-O";
				VALIDATE_PRODUCT = YES;
			};
			name = Release;
		};
		D775BE3E23DCF4B80011C11F /* Debug */ = {
			isa = XCBuildConfiguration;
			buildSettings = {
				ASSETCATALOG_COMPILER_APPICON_NAME = AppIcon;
				CODE_SIGN_STYLE = Automatic;
				DEVELOPMENT_TEAM = 3K7UN759DD;
				ENABLE_PREVIEWS = YES;
				INFOPLIST_FILE = Racecar/Info.plist;
				LD_RUNPATH_SEARCH_PATHS = (
					"$(inherited)",
					"@executable_path/Frameworks",
				);
				PRODUCT_BUNDLE_IDENTIFIER = com.hiimtmac.Racecar;
				PRODUCT_NAME = "$(TARGET_NAME)";
				SWIFT_VERSION = 5.0;
				TARGETED_DEVICE_FAMILY = "1,2";
			};
			name = Debug;
		};
		D775BE3F23DCF4B80011C11F /* Release */ = {
			isa = XCBuildConfiguration;
			buildSettings = {
				ASSETCATALOG_COMPILER_APPICON_NAME = AppIcon;
				CODE_SIGN_STYLE = Automatic;
				DEVELOPMENT_TEAM = 3K7UN759DD;
				ENABLE_PREVIEWS = YES;
				INFOPLIST_FILE = Racecar/Info.plist;
				LD_RUNPATH_SEARCH_PATHS = (
					"$(inherited)",
					"@executable_path/Frameworks",
				);
				PRODUCT_BUNDLE_IDENTIFIER = com.hiimtmac.Racecar;
				PRODUCT_NAME = "$(TARGET_NAME)";
				SWIFT_VERSION = 5.0;
				TARGETED_DEVICE_FAMILY = "1,2";
			};
			name = Release;
		};
/* End XCBuildConfiguration section */

/* Begin XCConfigurationList section */
		D775BE2423DCF4B70011C11F /* Build configuration list for PBXProject "Racecar" */ = {
			isa = XCConfigurationList;
			buildConfigurations = (
				D775BE3B23DCF4B80011C11F /* Debug */,
				D775BE3C23DCF4B80011C11F /* Release */,
			);
			defaultConfigurationIsVisible = 0;
			defaultConfigurationName = Release;
		};
		D775BE3D23DCF4B80011C11F /* Build configuration list for PBXNativeTarget "Racecar" */ = {
			isa = XCConfigurationList;
			buildConfigurations = (
				D775BE3E23DCF4B80011C11F /* Debug */,
				D775BE3F23DCF4B80011C11F /* Release */,
			);
			defaultConfigurationIsVisible = 0;
			defaultConfigurationName = Release;
		};
/* End XCConfigurationList section */
	};
	rootObject = D775BE2123DCF4B70011C11F /* Project object */;
}
